// !$*UTF8*$!
{
	archiveVersion = 1;
	classes = {
	};
	objectVersion = 50;
	objects = {

/* Begin PBXBuildFile section */
		27462DD32681166F00EA2A74 /* CitySelectionViewController.swift in Sources */ = {isa = PBXBuildFile; fileRef = 27462DD22681166F00EA2A74 /* CitySelectionViewController.swift */; };
		27524B37268119E100160E45 /* cities.json in Resources */ = {isa = PBXBuildFile; fileRef = 27524B36268119E100160E45 /* cities.json */; };
		27524B3A26811AF400160E45 /* CityListModel.swift in Sources */ = {isa = PBXBuildFile; fileRef = 27524B3926811AF400160E45 /* CityListModel.swift */; };
		27524B3D26811C3000160E45 /* CitySelectionViewModel.swift in Sources */ = {isa = PBXBuildFile; fileRef = 27524B3C26811C3000160E45 /* CitySelectionViewModel.swift */; };
		27A1B269267FAE9B005C286F /* Response.swift in Sources */ = {isa = PBXBuildFile; fileRef = 27A1B268267FAE9B005C286F /* Response.swift */; };
		27A1B26C267FAEBD005C286F /* Result.swift in Sources */ = {isa = PBXBuildFile; fileRef = 27A1B26B267FAEBD005C286F /* Result.swift */; };
		27A1B26F267FAEDF005C286F /* HttpService.swift in Sources */ = {isa = PBXBuildFile; fileRef = 27A1B26E267FAEDF005C286F /* HttpService.swift */; };
		27A1B272267FB0AB005C286F /* RestManager.swift in Sources */ = {isa = PBXBuildFile; fileRef = 27A1B271267FB0AB005C286F /* RestManager.swift */; };
		27A1B27A267FB67B005C286F /* Forecast.swift in Sources */ = {isa = PBXBuildFile; fileRef = 27A1B279267FB67B005C286F /* Forecast.swift */; };
		27A1B27F267FD099005C286F /* City.swift in Sources */ = {isa = PBXBuildFile; fileRef = 27A1B27E267FD099005C286F /* City.swift */; };
		27A1B282267FD0A7005C286F /* Coordinations.swift in Sources */ = {isa = PBXBuildFile; fileRef = 27A1B281267FD0A7005C286F /* Coordinations.swift */; };
		27A1B285267FD0B4005C286F /* Weather.swift in Sources */ = {isa = PBXBuildFile; fileRef = 27A1B284267FD0B4005C286F /* Weather.swift */; };
		27A1B288267FD0C4005C286F /* MainWeatherData.swift in Sources */ = {isa = PBXBuildFile; fileRef = 27A1B287267FD0C4005C286F /* MainWeatherData.swift */; };
		27A1B28B267FD0D2005C286F /* WeatherDetails.swift in Sources */ = {isa = PBXBuildFile; fileRef = 27A1B28A267FD0D2005C286F /* WeatherDetails.swift */; };
		27A1B28E267FD0E1005C286F /* Clouds.swift in Sources */ = {isa = PBXBuildFile; fileRef = 27A1B28D267FD0E1005C286F /* Clouds.swift */; };
		27A1B291267FD0F0005C286F /* Wind.swift in Sources */ = {isa = PBXBuildFile; fileRef = 27A1B290267FD0F0005C286F /* Wind.swift */; };
		27A1B294267FD0FE005C286F /* PartOfDay.swift in Sources */ = {isa = PBXBuildFile; fileRef = 27A1B293267FD0FE005C286F /* PartOfDay.swift */; };
		27A1B297267FD145005C286F /* CustomError.swift in Sources */ = {isa = PBXBuildFile; fileRef = 27A1B296267FD145005C286F /* CustomError.swift */; };
		27A1B29C267FD4C1005C286F /* CityWeatherDetailsViewController.swift in Sources */ = {isa = PBXBuildFile; fileRef = 27A1B29B267FD4C1005C286F /* CityWeatherDetailsViewController.swift */; };
		27A1B2A0267FD58D005C286F /* CityWeatherDetailsViewModel.swift in Sources */ = {isa = PBXBuildFile; fileRef = 27A1B29F267FD58D005C286F /* CityWeatherDetailsViewModel.swift */; };
		27A1B2A4267FD6EB005C286F /* CityWeatherDetailsMainDataCellView.swift in Sources */ = {isa = PBXBuildFile; fileRef = 27A1B2A3267FD6EB005C286F /* CityWeatherDetailsMainDataCellView.swift */; };
		27A1B2A7267FD6F1005C286F /* CityWeatherDetailsMainDataCellViewModel.swift in Sources */ = {isa = PBXBuildFile; fileRef = 27A1B2A6267FD6F1005C286F /* CityWeatherDetailsMainDataCellViewModel.swift */; };
		27A1B2AB267FDBC7005C286F /* RequestManager.swift in Sources */ = {isa = PBXBuildFile; fileRef = 27A1B2AA267FDBC7005C286F /* RequestManager.swift */; };
		27A1B2B4267FDD33005C286F /* BundleVariablesManager.swift in Sources */ = {isa = PBXBuildFile; fileRef = 27A1B2B3267FDD33005C286F /* BundleVariablesManager.swift */; };
		27A1B2B7267FE1C5005C286F /* AlertUtils.swift in Sources */ = {isa = PBXBuildFile; fileRef = 27A1B2B6267FE1C5005C286F /* AlertUtils.swift */; };
		27A1B2BB267FF006005C286F /* UIViewController+Ext.swift in Sources */ = {isa = PBXBuildFile; fileRef = 27A1B2BA267FF006005C286F /* UIViewController+Ext.swift */; };
		27A1B2CA268003F7005C286F /* DayWeatherData.swift in Sources */ = {isa = PBXBuildFile; fileRef = 27A1B2C9268003F7005C286F /* DayWeatherData.swift */; };
		27A39FB2267BF0F600F325DA /* AppDelegate.swift in Sources */ = {isa = PBXBuildFile; fileRef = 27A39FB1267BF0F600F325DA /* AppDelegate.swift */; };
		27A39FB4267BF0F600F325DA /* SceneDelegate.swift in Sources */ = {isa = PBXBuildFile; fileRef = 27A39FB3267BF0F600F325DA /* SceneDelegate.swift */; };
		27A39FB9267BF0F600F325DA /* Main.storyboard in Resources */ = {isa = PBXBuildFile; fileRef = 27A39FB7267BF0F600F325DA /* Main.storyboard */; };
		27A39FBB267BF0FD00F325DA /* Assets.xcassets in Resources */ = {isa = PBXBuildFile; fileRef = 27A39FBA267BF0FD00F325DA /* Assets.xcassets */; };
		27A39FBE267BF0FD00F325DA /* LaunchScreen.storyboard in Resources */ = {isa = PBXBuildFile; fileRef = 27A39FBC267BF0FD00F325DA /* LaunchScreen.storyboard */; };
		27BF5BD6268122FF0034DC5E /* CityPickerModel.swift in Sources */ = {isa = PBXBuildFile; fileRef = 27BF5BD5268122FF0034DC5E /* CityPickerModel.swift */; };
		27C0917626810D46005E139D /* CityWeatherDetailsNextDayDataCellView.swift in Sources */ = {isa = PBXBuildFile; fileRef = 27C0917526810D46005E139D /* CityWeatherDetailsNextDayDataCellView.swift */; };
		27C0917A26810D4C005E139D /* CityWeatherDetailsNextDayDataCellViewModel.swift in Sources */ = {isa = PBXBuildFile; fileRef = 27C0917926810D4C005E139D /* CityWeatherDetailsNextDayDataCellViewModel.swift */; };
/* End PBXBuildFile section */

/* Begin PBXFileReference section */
		27462DD22681166F00EA2A74 /* CitySelectionViewController.swift */ = {isa = PBXFileReference; lastKnownFileType = sourcecode.swift; path = CitySelectionViewController.swift; sourceTree = "<group>"; };
		27524B36268119E100160E45 /* cities.json */ = {isa = PBXFileReference; fileEncoding = 4; lastKnownFileType = text.json; path = cities.json; sourceTree = "<group>"; };
		27524B3926811AF400160E45 /* CityListModel.swift */ = {isa = PBXFileReference; lastKnownFileType = sourcecode.swift; path = CityListModel.swift; sourceTree = "<group>"; };
		27524B3C26811C3000160E45 /* CitySelectionViewModel.swift */ = {isa = PBXFileReference; lastKnownFileType = sourcecode.swift; path = CitySelectionViewModel.swift; sourceTree = "<group>"; };
		27A1B268267FAE9B005C286F /* Response.swift */ = {isa = PBXFileReference; lastKnownFileType = sourcecode.swift; path = Response.swift; sourceTree = "<group>"; };
		27A1B26B267FAEBD005C286F /* Result.swift */ = {isa = PBXFileReference; lastKnownFileType = sourcecode.swift; path = Result.swift; sourceTree = "<group>"; };
		27A1B26E267FAEDF005C286F /* HttpService.swift */ = {isa = PBXFileReference; lastKnownFileType = sourcecode.swift; path = HttpService.swift; sourceTree = "<group>"; };
		27A1B271267FB0AB005C286F /* RestManager.swift */ = {isa = PBXFileReference; lastKnownFileType = sourcecode.swift; path = RestManager.swift; sourceTree = "<group>"; };
		27A1B279267FB67B005C286F /* Forecast.swift */ = {isa = PBXFileReference; lastKnownFileType = sourcecode.swift; path = Forecast.swift; sourceTree = "<group>"; };
		27A1B27E267FD099005C286F /* City.swift */ = {isa = PBXFileReference; lastKnownFileType = sourcecode.swift; path = City.swift; sourceTree = "<group>"; };
		27A1B281267FD0A7005C286F /* Coordinations.swift */ = {isa = PBXFileReference; lastKnownFileType = sourcecode.swift; path = Coordinations.swift; sourceTree = "<group>"; };
		27A1B284267FD0B4005C286F /* Weather.swift */ = {isa = PBXFileReference; lastKnownFileType = sourcecode.swift; path = Weather.swift; sourceTree = "<group>"; };
		27A1B287267FD0C4005C286F /* MainWeatherData.swift */ = {isa = PBXFileReference; lastKnownFileType = sourcecode.swift; path = MainWeatherData.swift; sourceTree = "<group>"; };
		27A1B28A267FD0D2005C286F /* WeatherDetails.swift */ = {isa = PBXFileReference; lastKnownFileType = sourcecode.swift; path = WeatherDetails.swift; sourceTree = "<group>"; };
		27A1B28D267FD0E1005C286F /* Clouds.swift */ = {isa = PBXFileReference; lastKnownFileType = sourcecode.swift; path = Clouds.swift; sourceTree = "<group>"; };
		27A1B290267FD0F0005C286F /* Wind.swift */ = {isa = PBXFileReference; lastKnownFileType = sourcecode.swift; path = Wind.swift; sourceTree = "<group>"; };
		27A1B293267FD0FE005C286F /* PartOfDay.swift */ = {isa = PBXFileReference; lastKnownFileType = sourcecode.swift; path = PartOfDay.swift; sourceTree = "<group>"; };
		27A1B296267FD145005C286F /* CustomError.swift */ = {isa = PBXFileReference; lastKnownFileType = sourcecode.swift; path = CustomError.swift; sourceTree = "<group>"; };
		27A1B29B267FD4C1005C286F /* CityWeatherDetailsViewController.swift */ = {isa = PBXFileReference; lastKnownFileType = sourcecode.swift; path = CityWeatherDetailsViewController.swift; sourceTree = "<group>"; };
		27A1B29F267FD58D005C286F /* CityWeatherDetailsViewModel.swift */ = {isa = PBXFileReference; lastKnownFileType = sourcecode.swift; path = CityWeatherDetailsViewModel.swift; sourceTree = "<group>"; };
		27A1B2A3267FD6EB005C286F /* CityWeatherDetailsMainDataCellView.swift */ = {isa = PBXFileReference; lastKnownFileType = sourcecode.swift; path = CityWeatherDetailsMainDataCellView.swift; sourceTree = "<group>"; };
		27A1B2A6267FD6F1005C286F /* CityWeatherDetailsMainDataCellViewModel.swift */ = {isa = PBXFileReference; lastKnownFileType = sourcecode.swift; path = CityWeatherDetailsMainDataCellViewModel.swift; sourceTree = "<group>"; };
		27A1B2AA267FDBC7005C286F /* RequestManager.swift */ = {isa = PBXFileReference; lastKnownFileType = sourcecode.swift; path = RequestManager.swift; sourceTree = "<group>"; };
		27A1B2B3267FDD33005C286F /* BundleVariablesManager.swift */ = {isa = PBXFileReference; lastKnownFileType = sourcecode.swift; path = BundleVariablesManager.swift; sourceTree = "<group>"; };
		27A1B2B6267FE1C5005C286F /* AlertUtils.swift */ = {isa = PBXFileReference; lastKnownFileType = sourcecode.swift; path = AlertUtils.swift; sourceTree = "<group>"; };
		27A1B2BA267FF006005C286F /* UIViewController+Ext.swift */ = {isa = PBXFileReference; lastKnownFileType = sourcecode.swift; path = "UIViewController+Ext.swift"; sourceTree = "<group>"; };
		27A1B2C9268003F7005C286F /* DayWeatherData.swift */ = {isa = PBXFileReference; lastKnownFileType = sourcecode.swift; path = DayWeatherData.swift; sourceTree = "<group>"; };
		27A39FAE267BF0F600F325DA /* OpenWeatherMap.app */ = {isa = PBXFileReference; explicitFileType = wrapper.application; includeInIndex = 0; path = OpenWeatherMap.app; sourceTree = BUILT_PRODUCTS_DIR; };
		27A39FB1267BF0F600F325DA /* AppDelegate.swift */ = {isa = PBXFileReference; lastKnownFileType = sourcecode.swift; path = AppDelegate.swift; sourceTree = "<group>"; };
		27A39FB3267BF0F600F325DA /* SceneDelegate.swift */ = {isa = PBXFileReference; lastKnownFileType = sourcecode.swift; path = SceneDelegate.swift; sourceTree = "<group>"; };
		27A39FB8267BF0F600F325DA /* Base */ = {isa = PBXFileReference; lastKnownFileType = file.storyboard; name = Base; path = Base.lproj/Main.storyboard; sourceTree = "<group>"; };
		27A39FBA267BF0FD00F325DA /* Assets.xcassets */ = {isa = PBXFileReference; lastKnownFileType = folder.assetcatalog; path = Assets.xcassets; sourceTree = "<group>"; };
		27A39FBD267BF0FD00F325DA /* Base */ = {isa = PBXFileReference; lastKnownFileType = file.storyboard; name = Base; path = Base.lproj/LaunchScreen.storyboard; sourceTree = "<group>"; };
		27A39FBF267BF0FD00F325DA /* Info.plist */ = {isa = PBXFileReference; lastKnownFileType = text.plist.xml; path = Info.plist; sourceTree = "<group>"; };
		27BF5BD5268122FF0034DC5E /* CityPickerModel.swift */ = {isa = PBXFileReference; lastKnownFileType = sourcecode.swift; path = CityPickerModel.swift; sourceTree = "<group>"; };
		27C0917526810D46005E139D /* CityWeatherDetailsNextDayDataCellView.swift */ = {isa = PBXFileReference; lastKnownFileType = sourcecode.swift; path = CityWeatherDetailsNextDayDataCellView.swift; sourceTree = "<group>"; };
		27C0917926810D4C005E139D /* CityWeatherDetailsNextDayDataCellViewModel.swift */ = {isa = PBXFileReference; lastKnownFileType = sourcecode.swift; path = CityWeatherDetailsNextDayDataCellViewModel.swift; sourceTree = "<group>"; };
/* End PBXFileReference section */

/* Begin PBXFrameworksBuildPhase section */
		27A39FAB267BF0F600F325DA /* Frameworks */ = {
			isa = PBXFrameworksBuildPhase;
			buildActionMask = 2147483647;
			files = (
			);
			runOnlyForDeploymentPostprocessing = 0;
		};
/* End PBXFrameworksBuildPhase section */

/* Begin PBXGroup section */
		27462DD12681166300EA2A74 /* City Selection */ = {
			isa = PBXGroup;
			children = (
				27462DD22681166F00EA2A74 /* CitySelectionViewController.swift */,
				27524B3C26811C3000160E45 /* CitySelectionViewModel.swift */,
			);
			path = "City Selection";
			sourceTree = "<group>";
		};
		27A1B267267FAE61005C286F /* Http Service */ = {
			isa = PBXGroup;
			children = (
				27A1B268267FAE9B005C286F /* Response.swift */,
				27A1B26B267FAEBD005C286F /* Result.swift */,
				27A1B26E267FAEDF005C286F /* HttpService.swift */,
				27A1B271267FB0AB005C286F /* RestManager.swift */,
				27A1B296267FD145005C286F /* CustomError.swift */,
			);
			path = "Http Service";
			sourceTree = "<group>";
		};
		27A1B274267FB4BD005C286F /* Models */ = {
			isa = PBXGroup;
			children = (
				27A1B279267FB67B005C286F /* Forecast.swift */,
				27A1B281267FD0A7005C286F /* Coordinations.swift */,
				27A1B27E267FD099005C286F /* City.swift */,
				27A1B284267FD0B4005C286F /* Weather.swift */,
				27A1B287267FD0C4005C286F /* MainWeatherData.swift */,
				27A1B28A267FD0D2005C286F /* WeatherDetails.swift */,
				27A1B28D267FD0E1005C286F /* Clouds.swift */,
				27A1B290267FD0F0005C286F /* Wind.swift */,
				27A1B293267FD0FE005C286F /* PartOfDay.swift */,
				27A1B2C9268003F7005C286F /* DayWeatherData.swift */,
				27524B3926811AF400160E45 /* CityListModel.swift */,
				27BF5BD5268122FF0034DC5E /* CityPickerModel.swift */,
			);
			path = Models;
			sourceTree = "<group>";
		};
		27A1B29A267FD4A5005C286F /* City Weather Details */ = {
			isa = PBXGroup;
			children = (
				27A1B2A2267FD6D0005C286F /* Cells */,
				27A1B29B267FD4C1005C286F /* CityWeatherDetailsViewController.swift */,
				27A1B29F267FD58D005C286F /* CityWeatherDetailsViewModel.swift */,
			);
			path = "City Weather Details";
			sourceTree = "<group>";
		};
		27A1B2A2267FD6D0005C286F /* Cells */ = {
			isa = PBXGroup;
			children = (
				27C0917426810D27005E139D /* Next Days Data */,
				27C0917326810D1C005E139D /* Main Data */,
			);
			path = Cells;
			sourceTree = "<group>";
		};
		27A1B2A9267FDBB0005C286F /* Utils */ = {
			isa = PBXGroup;
			children = (
				27A1B2AA267FDBC7005C286F /* RequestManager.swift */,
				27A1B2B3267FDD33005C286F /* BundleVariablesManager.swift */,
				27A1B2B6267FE1C5005C286F /* AlertUtils.swift */,
			);
			path = Utils;
			sourceTree = "<group>";
		};
		27A1B2B9267FEFFD005C286F /* Extensions */ = {
			isa = PBXGroup;
			children = (
				27A1B2BA267FF006005C286F /* UIViewController+Ext.swift */,
			);
			path = Extensions;
			sourceTree = "<group>";
		};
		27A39FA5267BF0F600F325DA = {
			isa = PBXGroup;
			children = (
				27A39FB0267BF0F600F325DA /* OpenWeatherMap */,
				27A39FAF267BF0F600F325DA /* Products */,
			);
			sourceTree = "<group>";
		};
		27A39FAF267BF0F600F325DA /* Products */ = {
			isa = PBXGroup;
			children = (
				27A39FAE267BF0F600F325DA /* OpenWeatherMap.app */,
			);
			name = Products;
			sourceTree = "<group>";
		};
		27A39FB0267BF0F600F325DA /* OpenWeatherMap */ = {
			isa = PBXGroup;
			children = (
				27524B36268119E100160E45 /* cities.json */,
				27462DD12681166300EA2A74 /* City Selection */,
				27A1B2B9267FEFFD005C286F /* Extensions */,
				27A1B2A9267FDBB0005C286F /* Utils */,
				27A1B29A267FD4A5005C286F /* City Weather Details */,
				27A1B274267FB4BD005C286F /* Models */,
				27A1B267267FAE61005C286F /* Http Service */,
				27A39FB1267BF0F600F325DA /* AppDelegate.swift */,
				27A39FB3267BF0F600F325DA /* SceneDelegate.swift */,
				27A39FB7267BF0F600F325DA /* Main.storyboard */,
				27A39FBA267BF0FD00F325DA /* Assets.xcassets */,
				27A39FBC267BF0FD00F325DA /* LaunchScreen.storyboard */,
				27A39FBF267BF0FD00F325DA /* Info.plist */,
			);
			path = OpenWeatherMap;
			sourceTree = "<group>";
		};
		27C0917326810D1C005E139D /* Main Data */ = {
			isa = PBXGroup;
			children = (
				27A1B2A3267FD6EB005C286F /* CityWeatherDetailsMainDataCellView.swift */,
				27A1B2A6267FD6F1005C286F /* CityWeatherDetailsMainDataCellViewModel.swift */,
			);
			path = "Main Data";
			sourceTree = "<group>";
		};
		27C0917426810D27005E139D /* Next Days Data */ = {
			isa = PBXGroup;
			children = (
				27C0917526810D46005E139D /* CityWeatherDetailsNextDayDataCellView.swift */,
				27C0917926810D4C005E139D /* CityWeatherDetailsNextDayDataCellViewModel.swift */,
			);
			path = "Next Days Data";
			sourceTree = "<group>";
		};
/* End PBXGroup section */

/* Begin PBXNativeTarget section */
		27A39FAD267BF0F600F325DA /* OpenWeatherMap */ = {
			isa = PBXNativeTarget;
			buildConfigurationList = 27A39FC2267BF0FD00F325DA /* Build configuration list for PBXNativeTarget "OpenWeatherMap" */;
			buildPhases = (
				27A39FAA267BF0F600F325DA /* Sources */,
				27A39FAB267BF0F600F325DA /* Frameworks */,
				27A39FAC267BF0F600F325DA /* Resources */,
			);
			buildRules = (
			);
			dependencies = (
			);
			name = OpenWeatherMap;
			productName = OpenWeatherMap;
			productReference = 27A39FAE267BF0F600F325DA /* OpenWeatherMap.app */;
			productType = "com.apple.product-type.application";
		};
/* End PBXNativeTarget section */

/* Begin PBXProject section */
		27A39FA6267BF0F600F325DA /* Project object */ = {
			isa = PBXProject;
			attributes = {
				LastSwiftUpdateCheck = 1240;
				LastUpgradeCheck = 1240;
				TargetAttributes = {
					27A39FAD267BF0F600F325DA = {
						CreatedOnToolsVersion = 12.4;
					};
				};
			};
			buildConfigurationList = 27A39FA9267BF0F600F325DA /* Build configuration list for PBXProject "OpenWeatherMap" */;
			compatibilityVersion = "Xcode 9.3";
			developmentRegion = en;
			hasScannedForEncodings = 0;
			knownRegions = (
				en,
				Base,
			);
			mainGroup = 27A39FA5267BF0F600F325DA;
			productRefGroup = 27A39FAF267BF0F600F325DA /* Products */;
			projectDirPath = "";
			projectRoot = "";
			targets = (
				27A39FAD267BF0F600F325DA /* OpenWeatherMap */,
			);
		};
/* End PBXProject section */

/* Begin PBXResourcesBuildPhase section */
		27A39FAC267BF0F600F325DA /* Resources */ = {
			isa = PBXResourcesBuildPhase;
			buildActionMask = 2147483647;
			files = (
				27A39FBE267BF0FD00F325DA /* LaunchScreen.storyboard in Resources */,
				27A39FBB267BF0FD00F325DA /* Assets.xcassets in Resources */,
				27524B37268119E100160E45 /* cities.json in Resources */,
				27A39FB9267BF0F600F325DA /* Main.storyboard in Resources */,
			);
			runOnlyForDeploymentPostprocessing = 0;
		};
/* End PBXResourcesBuildPhase section */

/* Begin PBXSourcesBuildPhase section */
		27A39FAA267BF0F600F325DA /* Sources */ = {
			isa = PBXSourcesBuildPhase;
			buildActionMask = 2147483647;
			files = (
				27462DD32681166F00EA2A74 /* CitySelectionViewController.swift in Sources */,
				27A1B2A4267FD6EB005C286F /* CityWeatherDetailsMainDataCellView.swift in Sources */,
				27A1B27A267FB67B005C286F /* Forecast.swift in Sources */,
				27A1B269267FAE9B005C286F /* Response.swift in Sources */,
				27A1B2B4267FDD33005C286F /* BundleVariablesManager.swift in Sources */,
				27A1B297267FD145005C286F /* CustomError.swift in Sources */,
				27BF5BD6268122FF0034DC5E /* CityPickerModel.swift in Sources */,
				27A1B282267FD0A7005C286F /* Coordinations.swift in Sources */,
				27A1B288267FD0C4005C286F /* MainWeatherData.swift in Sources */,
				27A1B2A7267FD6F1005C286F /* CityWeatherDetailsMainDataCellViewModel.swift in Sources */,
				27A1B2AB267FDBC7005C286F /* RequestManager.swift in Sources */,
				27C0917A26810D4C005E139D /* CityWeatherDetailsNextDayDataCellViewModel.swift in Sources */,
				27A1B294267FD0FE005C286F /* PartOfDay.swift in Sources */,
				27A1B285267FD0B4005C286F /* Weather.swift in Sources */,
				27A1B27F267FD099005C286F /* City.swift in Sources */,
				27A1B2A0267FD58D005C286F /* CityWeatherDetailsViewModel.swift in Sources */,
				27A1B28B267FD0D2005C286F /* WeatherDetails.swift in Sources */,
				27A1B29C267FD4C1005C286F /* CityWeatherDetailsViewController.swift in Sources */,
				27A1B2CA268003F7005C286F /* DayWeatherData.swift in Sources */,
				27524B3D26811C3000160E45 /* CitySelectionViewModel.swift in Sources */,
				27A1B26C267FAEBD005C286F /* Result.swift in Sources */,
				27A1B272267FB0AB005C286F /* RestManager.swift in Sources */,
				27A39FB2267BF0F600F325DA /* AppDelegate.swift in Sources */,
				27A1B291267FD0F0005C286F /* Wind.swift in Sources */,
				27A1B2B7267FE1C5005C286F /* AlertUtils.swift in Sources */,
				27A1B28E267FD0E1005C286F /* Clouds.swift in Sources */,
				27A1B2BB267FF006005C286F /* UIViewController+Ext.swift in Sources */,
				27524B3A26811AF400160E45 /* CityListModel.swift in Sources */,
				27A39FB4267BF0F600F325DA /* SceneDelegate.swift in Sources */,
				27C0917626810D46005E139D /* CityWeatherDetailsNextDayDataCellView.swift in Sources */,
				27A1B26F267FAEDF005C286F /* HttpService.swift in Sources */,
			);
			runOnlyForDeploymentPostprocessing = 0;
		};
/* End PBXSourcesBuildPhase section */

/* Begin PBXVariantGroup section */
		27A39FB7267BF0F600F325DA /* Main.storyboard */ = {
			isa = PBXVariantGroup;
			children = (
				27A39FB8267BF0F600F325DA /* Base */,
			);
			name = Main.storyboard;
			sourceTree = "<group>";
		};
		27A39FBC267BF0FD00F325DA /* LaunchScreen.storyboard */ = {
			isa = PBXVariantGroup;
			children = (
				27A39FBD267BF0FD00F325DA /* Base */,
			);
			name = LaunchScreen.storyboard;
			sourceTree = "<group>";
		};
/* End PBXVariantGroup section */

/* Begin XCBuildConfiguration section */
		27A39FC0267BF0FD00F325DA /* Debug */ = {
			isa = XCBuildConfiguration;
			buildSettings = {
				ALWAYS_SEARCH_USER_PATHS = NO;
				CLANG_ANALYZER_NONNULL = YES;
				CLANG_ANALYZER_NUMBER_OBJECT_CONVERSION = YES_AGGRESSIVE;
				CLANG_CXX_LANGUAGE_STANDARD = "gnu++14";
				CLANG_CXX_LIBRARY = "libc++";
				CLANG_ENABLE_MODULES = YES;
				CLANG_ENABLE_OBJC_ARC = YES;
				CLANG_ENABLE_OBJC_WEAK = YES;
				CLANG_WARN_BLOCK_CAPTURE_AUTORELEASING = YES;
				CLANG_WARN_BOOL_CONVERSION = YES;
				CLANG_WARN_COMMA = YES;
				CLANG_WARN_CONSTANT_CONVERSION = YES;
				CLANG_WARN_DEPRECATED_OBJC_IMPLEMENTATIONS = YES;
				CLANG_WARN_DIRECT_OBJC_ISA_USAGE = YES_ERROR;
				CLANG_WARN_DOCUMENTATION_COMMENTS = YES;
				CLANG_WARN_EMPTY_BODY = YES;
				CLANG_WARN_ENUM_CONVERSION = YES;
				CLANG_WARN_INFINITE_RECURSION = YES;
				CLANG_WARN_INT_CONVERSION = YES;
				CLANG_WARN_NON_LITERAL_NULL_CONVERSION = YES;
				CLANG_WARN_OBJC_IMPLICIT_RETAIN_SELF = YES;
				CLANG_WARN_OBJC_LITERAL_CONVERSION = YES;
				CLANG_WARN_OBJC_ROOT_CLASS = YES_ERROR;
				CLANG_WARN_QUOTED_INCLUDE_IN_FRAMEWORK_HEADER = YES;
				CLANG_WARN_RANGE_LOOP_ANALYSIS = YES;
				CLANG_WARN_STRICT_PROTOTYPES = YES;
				CLANG_WARN_SUSPICIOUS_MOVE = YES;
				CLANG_WARN_UNGUARDED_AVAILABILITY = YES_AGGRESSIVE;
				CLANG_WARN_UNREACHABLE_CODE = YES;
				CLANG_WARN__DUPLICATE_METHOD_MATCH = YES;
				COPY_PHASE_STRIP = NO;
				DEBUG_INFORMATION_FORMAT = dwarf;
				ENABLE_STRICT_OBJC_MSGSEND = YES;
				ENABLE_TESTABILITY = YES;
				GCC_C_LANGUAGE_STANDARD = gnu11;
				GCC_DYNAMIC_NO_PIC = NO;
				GCC_NO_COMMON_BLOCKS = YES;
				GCC_OPTIMIZATION_LEVEL = 0;
				GCC_PREPROCESSOR_DEFINITIONS = (
					"DEBUG=1",
					"$(inherited)",
				);
				GCC_WARN_64_TO_32_BIT_CONVERSION = YES;
				GCC_WARN_ABOUT_RETURN_TYPE = YES_ERROR;
				GCC_WARN_UNDECLARED_SELECTOR = YES;
				GCC_WARN_UNINITIALIZED_AUTOS = YES_AGGRESSIVE;
				GCC_WARN_UNUSED_FUNCTION = YES;
				GCC_WARN_UNUSED_VARIABLE = YES;
				IPHONEOS_DEPLOYMENT_TARGET = 14.4;
				MTL_ENABLE_DEBUG_INFO = INCLUDE_SOURCE;
				MTL_FAST_MATH = YES;
				ONLY_ACTIVE_ARCH = YES;
				SDKROOT = iphoneos;
				SWIFT_ACTIVE_COMPILATION_CONDITIONS = DEBUG;
				SWIFT_OPTIMIZATION_LEVEL = "-Onone";
			};
			name = Debug;
		};
		27A39FC1267BF0FD00F325DA /* Release */ = {
			isa = XCBuildConfiguration;
			buildSettings = {
				ALWAYS_SEARCH_USER_PATHS = NO;
				CLANG_ANALYZER_NONNULL = YES;
				CLANG_ANALYZER_NUMBER_OBJECT_CONVERSION = YES_AGGRESSIVE;
				CLANG_CXX_LANGUAGE_STANDARD = "gnu++14";
				CLANG_CXX_LIBRARY = "libc++";
				CLANG_ENABLE_MODULES = YES;
				CLANG_ENABLE_OBJC_ARC = YES;
				CLANG_ENABLE_OBJC_WEAK = YES;
				CLANG_WARN_BLOCK_CAPTURE_AUTORELEASING = YES;
				CLANG_WARN_BOOL_CONVERSION = YES;
				CLANG_WARN_COMMA = YES;
				CLANG_WARN_CONSTANT_CONVERSION = YES;
				CLANG_WARN_DEPRECATED_OBJC_IMPLEMENTATIONS = YES;
				CLANG_WARN_DIRECT_OBJC_ISA_USAGE = YES_ERROR;
				CLANG_WARN_DOCUMENTATION_COMMENTS = YES;
				CLANG_WARN_EMPTY_BODY = YES;
				CLANG_WARN_ENUM_CONVERSION = YES;
				CLANG_WARN_INFINITE_RECURSION = YES;
				CLANG_WARN_INT_CONVERSION = YES;
				CLANG_WARN_NON_LITERAL_NULL_CONVERSION = YES;
				CLANG_WARN_OBJC_IMPLICIT_RETAIN_SELF = YES;
				CLANG_WARN_OBJC_LITERAL_CONVERSION = YES;
				CLANG_WARN_OBJC_ROOT_CLASS = YES_ERROR;
				CLANG_WARN_QUOTED_INCLUDE_IN_FRAMEWORK_HEADER = YES;
				CLANG_WARN_RANGE_LOOP_ANALYSIS = YES;
				CLANG_WARN_STRICT_PROTOTYPES = YES;
				CLANG_WARN_SUSPICIOUS_MOVE = YES;
				CLANG_WARN_UNGUARDED_AVAILABILITY = YES_AGGRESSIVE;
				CLANG_WARN_UNREACHABLE_CODE = YES;
				CLANG_WARN__DUPLICATE_METHOD_MATCH = YES;
				COPY_PHASE_STRIP = NO;
				DEBUG_INFORMATION_FORMAT = "dwarf-with-dsym";
				ENABLE_NS_ASSERTIONS = NO;
				ENABLE_STRICT_OBJC_MSGSEND = YES;
				GCC_C_LANGUAGE_STANDARD = gnu11;
				GCC_NO_COMMON_BLOCKS = YES;
				GCC_WARN_64_TO_32_BIT_CONVERSION = YES;
				GCC_WARN_ABOUT_RETURN_TYPE = YES_ERROR;
				GCC_WARN_UNDECLARED_SELECTOR = YES;
				GCC_WARN_UNINITIALIZED_AUTOS = YES_AGGRESSIVE;
				GCC_WARN_UNUSED_FUNCTION = YES;
				GCC_WARN_UNUSED_VARIABLE = YES;
				IPHONEOS_DEPLOYMENT_TARGET = 14.4;
				MTL_ENABLE_DEBUG_INFO = NO;
				MTL_FAST_MATH = YES;
				SDKROOT = iphoneos;
				SWIFT_COMPILATION_MODE = wholemodule;
				SWIFT_OPTIMIZATION_LEVEL = "-O";
				VALIDATE_PRODUCT = YES;
			};
			name = Release;
		};
		27A39FC3267BF0FD00F325DA /* Debug */ = {
			isa = XCBuildConfiguration;
			buildSettings = {
				API_KEY = 6389f96dc82dcaad8d7adf9e4d6ebbfc;
				ASSETCATALOG_COMPILER_APPICON_NAME = AppIcon;
				ASSETCATALOG_COMPILER_GLOBAL_ACCENT_COLOR_NAME = AccentColor;
				CODE_SIGN_STYLE = Automatic;
				DEVELOPMENT_TEAM = KAE5HV8HDG;
				INFOPLIST_FILE = OpenWeatherMap/Info.plist;
				LD_RUNPATH_SEARCH_PATHS = (
					"$(inherited)",
					"@executable_path/Frameworks",
				);
				PRODUCT_BUNDLE_IDENTIFIER = jakubgac.OpenWeatherMap;
				PRODUCT_NAME = "$(TARGET_NAME)";
				SWIFT_VERSION = 5.0;
				TARGETED_DEVICE_FAMILY = "1,2";
			};
			name = Debug;
		};
		27A39FC4267BF0FD00F325DA /* Release */ = {
			isa = XCBuildConfiguration;
			buildSettings = {
				API_KEY = 6389f96dc82dcaad8d7adf9e4d6ebbfc;
				ASSETCATALOG_COMPILER_APPICON_NAME = AppIcon;
				ASSETCATALOG_COMPILER_GLOBAL_ACCENT_COLOR_NAME = AccentColor;
				CODE_SIGN_STYLE = Automatic;
				DEVELOPMENT_TEAM = KAE5HV8HDG;
				INFOPLIST_FILE = OpenWeatherMap/Info.plist;
				LD_RUNPATH_SEARCH_PATHS = (
					"$(inherited)",
					"@executable_path/Frameworks",
				);
				PRODUCT_BUNDLE_IDENTIFIER = jakubgac.OpenWeatherMap;
				PRODUCT_NAME = "$(TARGET_NAME)";
				SWIFT_VERSION = 5.0;
				TARGETED_DEVICE_FAMILY = "1,2";
			};
			name = Release;
		};
/* End XCBuildConfiguration section */

/* Begin XCConfigurationList section */
		27A39FA9267BF0F600F325DA /* Build configuration list for PBXProject "OpenWeatherMap" */ = {
			isa = XCConfigurationList;
			buildConfigurations = (
				27A39FC0267BF0FD00F325DA /* Debug */,
				27A39FC1267BF0FD00F325DA /* Release */,
			);
			defaultConfigurationIsVisible = 0;
			defaultConfigurationName = Release;
		};
		27A39FC2267BF0FD00F325DA /* Build configuration list for PBXNativeTarget "OpenWeatherMap" */ = {
			isa = XCConfigurationList;
			buildConfigurations = (
				27A39FC3267BF0FD00F325DA /* Debug */,
				27A39FC4267BF0FD00F325DA /* Release */,
			);
			defaultConfigurationIsVisible = 0;
			defaultConfigurationName = Release;
		};
/* End XCConfigurationList section */
	};
	rootObject = 27A39FA6267BF0F600F325DA /* Project object */;
}
